
Microsoft Visual Studio Solution File, Format Version 12.00
# Visual Studio Version 17
VisualStudioVersion = 17.9.34622.214
MinimumVisualStudioVersion = 10.0.40219.1
Project("{FAE04EC0-301F-11D3-BF4B-00C04F79EFBC}") = "MEDSOFT", "MEDSOFT\MEDSOFT.csproj", "{6CA599D9-51BF-4B8E-9090-15232CF6B5F6}"
EndProject
Project("{FAE04EC0-301F-11D3-BF4B-00C04F79EFBC}") = "MEDSOFT.Models", "MEDSOFT.Models\MEDSOFT.Models.csproj", "{7C6FE62F-8FF4-4008-BE16-042BC4D6A629}"
EndProject
Project("{FAE04EC0-301F-11D3-BF4B-00C04F79EFBC}") = "MEDSOFT.DataAccess", "MEDSOFT.DataAccess\MEDSOFT.DataAccess.csproj", "{E6DE8B4E-06B7-4659-8490-3285BE2CA47C}"
EndProject
Project("{FAE04EC0-301F-11D3-BF4B-00C04F79EFBC}") = "MEDSOFT.Services", "MEDSOFT.Services\MEDSOFT.Services.csproj", "{8EA29E82-DB5C-4113-9B02-7AE8207D8449}"
EndProject
Global
	GlobalSection(SolutionConfigurationPlatforms) = preSolution
		Debug|Any CPU = Debug|Any CPU
		Release|Any CPU = Release|Any CPU
	EndGlobalSection
	GlobalSection(ProjectConfigurationPlatforms) = postSolution
		{6CA599D9-51BF-4B8E-9090-15232CF6B5F6}.Debug|Any CPU.ActiveCfg = Debug|Any CPU
		{6CA599D9-51BF-4B8E-9090-15232CF6B5F6}.Debug|Any CPU.Build.0 = Debug|Any CPU
		{6CA599D9-51BF-4B8E-9090-15232CF6B5F6}.Release|Any CPU.ActiveCfg = Release|Any CPU
		{6CA599D9-51BF-4B8E-9090-15232CF6B5F6}.Release|Any CPU.Build.0 = Release|Any CPU
		{7C6FE62F-8FF4-4008-BE16-042BC4D6A629}.Debug|Any CPU.ActiveCfg = Debug|Any CPU
		{7C6FE62F-8FF4-4008-BE16-042BC4D6A629}.Debug|Any CPU.Build.0 = Debug|Any CPU
		{7C6FE62F-8FF4-4008-BE16-042BC4D6A629}.Release|Any CPU.ActiveCfg = Release|Any CPU
		{7C6FE62F-8FF4-4008-BE16-042BC4D6A629}.Release|Any CPU.Build.0 = Release|Any CPU
		{E6DE8B4E-06B7-4659-8490-3285BE2CA47C}.Debug|Any CPU.ActiveCfg = Debug|Any CPU
		{E6DE8B4E-06B7-4659-8490-3285BE2CA47C}.Debug|Any CPU.Build.0 = Debug|Any CPU
		{E6DE8B4E-06B7-4659-8490-3285BE2CA47C}.Release|Any CPU.ActiveCfg = Release|Any CPU
		{E6DE8B4E-06B7-4659-8490-3285BE2CA47C}.Release|Any CPU.Build.0 = Release|Any CPU
		{8EA29E82-DB5C-4113-9B02-7AE8207D8449}.Debug|Any CPU.ActiveCfg = Debug|Any CPU
		{8EA29E82-DB5C-4113-9B02-7AE8207D8449}.Debug|Any CPU.Build.0 = Debug|Any CPU
		{8EA29E82-DB5C-4113-9B02-7AE8207D8449}.Release|Any CPU.ActiveCfg = Release|Any CPU
		{8EA29E82-DB5C-4113-9B02-7AE8207D8449}.Release|Any CPU.Build.0 = Release|Any CPU
	EndGlobalSection
	GlobalSection(SolutionProperties) = preSolution
		HideSolutionNode = FALSE
	EndGlobalSection
	GlobalSection(ExtensibilityGlobals) = postSolution
		SolutionGuid = {96BD8EAF-C020-4A21-B005-8E2352C58F20}
	EndGlobalSection
EndGlobal
